
Microsoft Visual Studio Solution File, Format Version 12.00
# Visual Studio Version 17
VisualStudioVersion = 17.12.35527.113 d17.12
MinimumVisualStudioVersion = 10.0.40219.1
Project("{FAE04EC0-301F-11D3-BF4B-00C04F79EFBC}") = "CatherineDesktopApp", "CatherineDesktopApp\CatherineDesktopApp.csproj", "{7CEED7FF-38F9-4A1F-A481-72FFC04788D9}"
EndProject
Project("{FAE04EC0-301F-11D3-BF4B-00C04F79EFBC}") = "CatherineDesktopAppTests", "CatherineDesktopAppTests\CatherineDesktopAppTests.csproj", "{295A8D1D-96CE-4622-B4C1-8BEC0736BC6F}"
EndProject
Global
	GlobalSection(SolutionConfigurationPlatforms) = preSolution
		Debug|ARM64 = Debug|ARM64
		Debug|x64 = Debug|x64
		Debug|x86 = Debug|x86
		Release|ARM64 = Release|ARM64
		Release|x64 = Release|x64
		Release|x86 = Release|x86
	EndGlobalSection
	GlobalSection(ProjectConfigurationPlatforms) = postSolution
		{7CEED7FF-38F9-4A1F-A481-72FFC04788D9}.Debug|ARM64.ActiveCfg = Debug|ARM64
		{7CEED7FF-38F9-4A1F-A481-72FFC04788D9}.Debug|ARM64.Build.0 = Debug|ARM64
		{7CEED7FF-38F9-4A1F-A481-72FFC04788D9}.Debug|ARM64.Deploy.0 = Debug|ARM64
		{7CEED7FF-38F9-4A1F-A481-72FFC04788D9}.Debug|x64.ActiveCfg = Debug|x64
		{7CEED7FF-38F9-4A1F-A481-72FFC04788D9}.Debug|x64.Build.0 = Debug|x64
		{7CEED7FF-38F9-4A1F-A481-72FFC04788D9}.Debug|x64.Deploy.0 = Debug|x64
		{7CEED7FF-38F9-4A1F-A481-72FFC04788D9}.Debug|x86.ActiveCfg = Debug|x86
		{7CEED7FF-38F9-4A1F-A481-72FFC04788D9}.Debug|x86.Build.0 = Debug|x86
		{7CEED7FF-38F9-4A1F-A481-72FFC04788D9}.Debug|x86.Deploy.0 = Debug|x86
		{7CEED7FF-38F9-4A1F-A481-72FFC04788D9}.Release|ARM64.ActiveCfg = Release|ARM64
		{7CEED7FF-38F9-4A1F-A481-72FFC04788D9}.Release|ARM64.Build.0 = Release|ARM64
		{7CEED7FF-38F9-4A1F-A481-72FFC04788D9}.Release|ARM64.Deploy.0 = Release|ARM64
		{7CEED7FF-38F9-4A1F-A481-72FFC04788D9}.Release|x64.ActiveCfg = Release|x64
		{7CEED7FF-38F9-4A1F-A481-72FFC04788D9}.Release|x64.Build.0 = Release|x64
		{7CEED7FF-38F9-4A1F-A481-72FFC04788D9}.Release|x64.Deploy.0 = Release|x64
		{7CEED7FF-38F9-4A1F-A481-72FFC04788D9}.Release|x86.ActiveCfg = Release|x86
		{7CEED7FF-38F9-4A1F-A481-72FFC04788D9}.Release|x86.Build.0 = Release|x86
		{7CEED7FF-38F9-4A1F-A481-72FFC04788D9}.Release|x86.Deploy.0 = Release|x86
		{295A8D1D-96CE-4622-B4C1-8BEC0736BC6F}.Debug|ARM64.ActiveCfg = Debug|ARM64
		{295A8D1D-96CE-4622-B4C1-8BEC0736BC6F}.Debug|ARM64.Build.0 = Debug|ARM64
		{295A8D1D-96CE-4622-B4C1-8BEC0736BC6F}.Debug|ARM64.Deploy.0 = Debug|ARM64
		{295A8D1D-96CE-4622-B4C1-8BEC0736BC6F}.Debug|x64.ActiveCfg = Debug|x64
		{295A8D1D-96CE-4622-B4C1-8BEC0736BC6F}.Debug|x64.Build.0 = Debug|x64
		{295A8D1D-96CE-4622-B4C1-8BEC0736BC6F}.Debug|x64.Deploy.0 = Debug|x64
		{295A8D1D-96CE-4622-B4C1-8BEC0736BC6F}.Debug|x86.ActiveCfg = Debug|x86
		{295A8D1D-96CE-4622-B4C1-8BEC0736BC6F}.Debug|x86.Build.0 = Debug|x86
		{295A8D1D-96CE-4622-B4C1-8BEC0736BC6F}.Debug|x86.Deploy.0 = Debug|x86
		{295A8D1D-96CE-4622-B4C1-8BEC0736BC6F}.Release|ARM64.ActiveCfg = Release|ARM64
		{295A8D1D-96CE-4622-B4C1-8BEC0736BC6F}.Release|ARM64.Build.0 = Release|ARM64
		{295A8D1D-96CE-4622-B4C1-8BEC0736BC6F}.Release|ARM64.Deploy.0 = Release|ARM64
		{295A8D1D-96CE-4622-B4C1-8BEC0736BC6F}.Release|x64.ActiveCfg = Release|x64
		{295A8D1D-96CE-4622-B4C1-8BEC0736BC6F}.Release|x64.Build.0 = Release|x64
		{295A8D1D-96CE-4622-B4C1-8BEC0736BC6F}.Release|x64.Deploy.0 = Release|x64
		{295A8D1D-96CE-4622-B4C1-8BEC0736BC6F}.Release|x86.ActiveCfg = Release|x86
		{295A8D1D-96CE-4622-B4C1-8BEC0736BC6F}.Release|x86.Build.0 = Release|x86
		{295A8D1D-96CE-4622-B4C1-8BEC0736BC6F}.Release|x86.Deploy.0 = Release|x86
	EndGlobalSection
	GlobalSection(SolutionProperties) = preSolution
		HideSolutionNode = FALSE
	EndGlobalSection
EndGlobal
